
Microsoft Visual Studio Solution File, Format Version 12.00
# Visual Studio Version 16
VisualStudioVersion = 16.0.31624.102
MinimumVisualStudioVersion = 10.0.40219.1
Project("{8BC9CEB8-8B4A-11D0-8D11-00A0C91BC942}") = "Bai_1.0_GioiThieuLapTrinhC", "Bai_1.0_GioiThieuLapTrinhC\Bai_1.0_GioiThieuLapTrinhC.vcxproj", "{1EB47875-CAC0-4507-947C-AEA908583096}"
EndProject
Project("{8BC9CEB8-8B4A-11D0-8D11-00A0C91BC942}") = "Bai_1.1_KhaiNiemVeBien", "Bai_1.1_KhaiNiemVeBien\Bai_1.1_KhaiNiemVeBien.vcxproj", "{782B2BB6-BA8A-4B26-8661-3787D3793ECF}"
EndProject
Project("{8BC9CEB8-8B4A-11D0-8D11-00A0C91BC942}") = "Bai_1.2_CauLenhXuatRaManHinh", "Bai_1.2_CauLenhXuatRaManHinh\Bai_1.2_CauLenhXuatRaManHinh.vcxproj", "{B3BCDDC1-1DBB-46E1-BE14-FCDF6F477337}"
EndProject
Project("{8BC9CEB8-8B4A-11D0-8D11-00A0C91BC942}") = "Bai_1.3_NhapDuLieuTuBanPhim", "Bai_1.3_NhapDuLieuTuBanPhim\Bai_1.3_NhapDuLieuTuBanPhim.vcxproj", "{2BD27F51-B98A-4ABD-B392-B3ABF116C4D0}"
EndProject
Project("{8BC9CEB8-8B4A-11D0-8D11-00A0C91BC942}") = "Bai_1.4_ToanTuTrongLapTrinh", "Bai_1.4_ToanTuTrongLapTrinh\Bai_1.4_ToanTuTrongLapTrinh.vcxproj", "{0BDA78C0-2C0E-457E-909A-14E40EB3AC5E}"
EndProject
Project("{8BC9CEB8-8B4A-11D0-8D11-00A0C91BC942}") = "Bai_1.5_CauDieuKien", "Bai_1.5_CauDieuKien\Bai_1.5_CauDieuKien.vcxproj", "{00C40738-3FE4-4C37-9A9A-FC28F27A33B0}"
EndProject
Project("{8BC9CEB8-8B4A-11D0-8D11-00A0C91BC942}") = "Bai_1.6_SwitchCase", "Bai_1.6_SwitchCase\Bai_1.6_SwitchCase.vcxproj", "{0C3578F5-42F2-480E-B808-7D0850A66DAC}"
EndProject
Project("{8BC9CEB8-8B4A-11D0-8D11-00A0C91BC942}") = "BAI_TAP_MAU_MENU", "BAI_TAP_MAU_MENU\BAI_TAP_MAU_MENU.vcxproj", "{347FD740-45BE-463C-88AC-1862D931B013}"
EndProject
Project("{8BC9CEB8-8B4A-11D0-8D11-00A0C91BC942}") = "Bai_1.7_3LoaiVongLap", "Bai_1.7_3LoaVongLap\Bai_1.7_3LoaVongLap.vcxproj", "{A778BAC3-3091-47C6-8537-8A17BA21F66F}"
EndProject
Project("{8BC9CEB8-8B4A-11D0-8D11-00A0C91BC942}") = "BAI_TAP_MAU_VONGLAP", "BAI_TAP_MAU_VONGLAP\BAI_TAP_MAU_VONGLAP.vcxproj", "{6BE36152-324D-4674-9AF1-6851FF805EFD}"
EndProject
Project("{8BC9CEB8-8B4A-11D0-8D11-00A0C91BC942}") = "Bai_1.8_HamVoid", "Bai_1.8_HamVoid_KhongThamSo\Bai_1.8_HamVoid_KhongThamSo.vcxproj", "{DFBF881D-EBE2-4EE3-910F-08DF8FA18D66}"
EndProject
Project("{8BC9CEB8-8B4A-11D0-8D11-00A0C91BC942}") = "Bai_1.9_HamTraVe", "Bai_1.9_HamTraVe\Bai_1.9_HamTraVe.vcxproj", "{4006DC09-338C-4E2F-80EA-CA358A78BA63}"
EndProject
Project("{8BC9CEB8-8B4A-11D0-8D11-00A0C91BC942}") = "BAI_TAP_LAB23", "BAI_TAP_LAB23\BAI_TAP_LAB23.vcxproj", "{51B20102-66AC-4A54-AC7C-EF83A2741A72}"
EndProject
Project("{8BC9CEB8-8B4A-11D0-8D11-00A0C91BC942}") = "Bai_2.0_Mang_Array", "Bai_2.0_Mang_Array\Bai_2.0_Mang_Array.vcxproj", "{2998B543-D21F-48FB-B0CE-47C11439A752}"
EndProject
Global
	GlobalSection(SolutionConfigurationPlatforms) = preSolution
		Debug|Any CPU = Debug|Any CPU
		Debug|x64 = Debug|x64
		Debug|x86 = Debug|x86
		Release|Any CPU = Release|Any CPU
		Release|x64 = Release|x64
		Release|x86 = Release|x86
	EndGlobalSection
	GlobalSection(ProjectConfigurationPlatforms) = postSolution
		{1EB47875-CAC0-4507-947C-AEA908583096}.Debug|Any CPU.ActiveCfg = Debug|Win32
		{1EB47875-CAC0-4507-947C-AEA908583096}.Debug|x64.ActiveCfg = Debug|x64
		{1EB47875-CAC0-4507-947C-AEA908583096}.Debug|x64.Build.0 = Debug|x64
		{1EB47875-CAC0-4507-947C-AEA908583096}.Debug|x86.ActiveCfg = Debug|Win32
		{1EB47875-CAC0-4507-947C-AEA908583096}.Debug|x86.Build.0 = Debug|Win32
		{1EB47875-CAC0-4507-947C-AEA908583096}.Release|Any CPU.ActiveCfg = Release|Win32
		{1EB47875-CAC0-4507-947C-AEA908583096}.Release|x64.ActiveCfg = Release|x64
		{1EB47875-CAC0-4507-947C-AEA908583096}.Release|x64.Build.0 = Release|x64
		{1EB47875-CAC0-4507-947C-AEA908583096}.Release|x86.ActiveCfg = Release|Win32
		{1EB47875-CAC0-4507-947C-AEA908583096}.Release|x86.Build.0 = Release|Win32
		{782B2BB6-BA8A-4B26-8661-3787D3793ECF}.Debug|Any CPU.ActiveCfg = Debug|Win32
		{782B2BB6-BA8A-4B26-8661-3787D3793ECF}.Debug|x64.ActiveCfg = Debug|x64
		{782B2BB6-BA8A-4B26-8661-3787D3793ECF}.Debug|x64.Build.0 = Debug|x64
		{782B2BB6-BA8A-4B26-8661-3787D3793ECF}.Debug|x86.ActiveCfg = Debug|Win32
		{782B2BB6-BA8A-4B26-8661-3787D3793ECF}.Debug|x86.Build.0 = Debug|Win32
		{782B2BB6-BA8A-4B26-8661-3787D3793ECF}.Release|Any CPU.ActiveCfg = Release|Win32
		{782B2BB6-BA8A-4B26-8661-3787D3793ECF}.Release|x64.ActiveCfg = Release|x64
		{782B2BB6-BA8A-4B26-8661-3787D3793ECF}.Release|x64.Build.0 = Release|x64
		{782B2BB6-BA8A-4B26-8661-3787D3793ECF}.Release|x86.ActiveCfg = Release|Win32
		{782B2BB6-BA8A-4B26-8661-3787D3793ECF}.Release|x86.Build.0 = Release|Win32
		{B3BCDDC1-1DBB-46E1-BE14-FCDF6F477337}.Debug|Any CPU.ActiveCfg = Debug|Win32
		{B3BCDDC1-1DBB-46E1-BE14-FCDF6F477337}.Debug|x64.ActiveCfg = Debug|x64
		{B3BCDDC1-1DBB-46E1-BE14-FCDF6F477337}.Debug|x64.Build.0 = Debug|x64
		{B3BCDDC1-1DBB-46E1-BE14-FCDF6F477337}.Debug|x86.ActiveCfg = Debug|Win32
		{B3BCDDC1-1DBB-46E1-BE14-FCDF6F477337}.Debug|x86.Build.0 = Debug|Win32
		{B3BCDDC1-1DBB-46E1-BE14-FCDF6F477337}.Release|Any CPU.ActiveCfg = Release|Win32
		{B3BCDDC1-1DBB-46E1-BE14-FCDF6F477337}.Release|x64.ActiveCfg = Release|x64
		{B3BCDDC1-1DBB-46E1-BE14-FCDF6F477337}.Release|x64.Build.0 = Release|x64
		{B3BCDDC1-1DBB-46E1-BE14-FCDF6F477337}.Release|x86.ActiveCfg = Release|Win32
		{B3BCDDC1-1DBB-46E1-BE14-FCDF6F477337}.Release|x86.Build.0 = Release|Win32
		{2BD27F51-B98A-4ABD-B392-B3ABF116C4D0}.Debug|Any CPU.ActiveCfg = Debug|Win32
		{2BD27F51-B98A-4ABD-B392-B3ABF116C4D0}.Debug|x64.ActiveCfg = Debug|x64
		{2BD27F51-B98A-4ABD-B392-B3ABF116C4D0}.Debug|x64.Build.0 = Debug|x64
		{2BD27F51-B98A-4ABD-B392-B3ABF116C4D0}.Debug|x86.ActiveCfg = Debug|Win32
		{2BD27F51-B98A-4ABD-B392-B3ABF116C4D0}.Debug|x86.Build.0 = Debug|Win32
		{2BD27F51-B98A-4ABD-B392-B3ABF116C4D0}.Release|Any CPU.ActiveCfg = Release|Win32
		{2BD27F51-B98A-4ABD-B392-B3ABF116C4D0}.Release|x64.ActiveCfg = Release|x64
		{2BD27F51-B98A-4ABD-B392-B3ABF116C4D0}.Release|x64.Build.0 = Release|x64
		{2BD27F51-B98A-4ABD-B392-B3ABF116C4D0}.Release|x86.ActiveCfg = Release|Win32
		{2BD27F51-B98A-4ABD-B392-B3ABF116C4D0}.Release|x86.Build.0 = Release|Win32
		{0BDA78C0-2C0E-457E-909A-14E40EB3AC5E}.Debug|Any CPU.ActiveCfg = Debug|Win32
		{0BDA78C0-2C0E-457E-909A-14E40EB3AC5E}.Debug|x64.ActiveCfg = Debug|x64
		{0BDA78C0-2C0E-457E-909A-14E40EB3AC5E}.Debug|x64.Build.0 = Debug|x64
		{0BDA78C0-2C0E-457E-909A-14E40EB3AC5E}.Debug|x86.ActiveCfg = Debug|Win32
		{0BDA78C0-2C0E-457E-909A-14E40EB3AC5E}.Debug|x86.Build.0 = Debug|Win32
		{0BDA78C0-2C0E-457E-909A-14E40EB3AC5E}.Release|Any CPU.ActiveCfg = Release|Win32
		{0BDA78C0-2C0E-457E-909A-14E40EB3AC5E}.Release|x64.ActiveCfg = Release|x64
		{0BDA78C0-2C0E-457E-909A-14E40EB3AC5E}.Release|x64.Build.0 = Release|x64
		{0BDA78C0-2C0E-457E-909A-14E40EB3AC5E}.Release|x86.ActiveCfg = Release|Win32
		{0BDA78C0-2C0E-457E-909A-14E40EB3AC5E}.Release|x86.Build.0 = Release|Win32
		{00C40738-3FE4-4C37-9A9A-FC28F27A33B0}.Debug|Any CPU.ActiveCfg = Debug|Win32
		{00C40738-3FE4-4C37-9A9A-FC28F27A33B0}.Debug|x64.ActiveCfg = Debug|x64
		{00C40738-3FE4-4C37-9A9A-FC28F27A33B0}.Debug|x64.Build.0 = Debug|x64
		{00C40738-3FE4-4C37-9A9A-FC28F27A33B0}.Debug|x86.ActiveCfg = Debug|Win32
		{00C40738-3FE4-4C37-9A9A-FC28F27A33B0}.Debug|x86.Build.0 = Debug|Win32
		{00C40738-3FE4-4C37-9A9A-FC28F27A33B0}.Release|Any CPU.ActiveCfg = Release|Win32
		{00C40738-3FE4-4C37-9A9A-FC28F27A33B0}.Release|x64.ActiveCfg = Release|x64
		{00C40738-3FE4-4C37-9A9A-FC28F27A33B0}.Release|x64.Build.0 = Release|x64
		{00C40738-3FE4-4C37-9A9A-FC28F27A33B0}.Release|x86.ActiveCfg = Release|Win32
		{00C40738-3FE4-4C37-9A9A-FC28F27A33B0}.Release|x86.Build.0 = Release|Win32
		{0C3578F5-42F2-480E-B808-7D0850A66DAC}.Debug|Any CPU.ActiveCfg = Debug|Win32
		{0C3578F5-42F2-480E-B808-7D0850A66DAC}.Debug|x64.ActiveCfg = Debug|x64
		{0C3578F5-42F2-480E-B808-7D0850A66DAC}.Debug|x64.Build.0 = Debug|x64
		{0C3578F5-42F2-480E-B808-7D0850A66DAC}.Debug|x86.ActiveCfg = Debug|Win32
		{0C3578F5-42F2-480E-B808-7D0850A66DAC}.Debug|x86.Build.0 = Debug|Win32
		{0C3578F5-42F2-480E-B808-7D0850A66DAC}.Release|Any CPU.ActiveCfg = Release|Win32
		{0C3578F5-42F2-480E-B808-7D0850A66DAC}.Release|x64.ActiveCfg = Release|x64
		{0C3578F5-42F2-480E-B808-7D0850A66DAC}.Release|x64.Build.0 = Release|x64
		{0C3578F5-42F2-480E-B808-7D0850A66DAC}.Release|x86.ActiveCfg = Release|Win32
		{0C3578F5-42F2-480E-B808-7D0850A66DAC}.Release|x86.Build.0 = Release|Win32
		{347FD740-45BE-463C-88AC-1862D931B013}.Debug|Any CPU.ActiveCfg = Debug|Win32
		{347FD740-45BE-463C-88AC-1862D931B013}.Debug|x64.ActiveCfg = Debug|x64
		{347FD740-45BE-463C-88AC-1862D931B013}.Debug|x64.Build.0 = Debug|x64
		{347FD740-45BE-463C-88AC-1862D931B013}.Debug|x86.ActiveCfg = Debug|Win32
		{347FD740-45BE-463C-88AC-1862D931B013}.Debug|x86.Build.0 = Debug|Win32
		{347FD740-45BE-463C-88AC-1862D931B013}.Release|Any CPU.ActiveCfg = Release|Win32
		{347FD740-45BE-463C-88AC-1862D931B013}.Release|x64.ActiveCfg = Release|x64
		{347FD740-45BE-463C-88AC-1862D931B013}.Release|x64.Build.0 = Release|x64
		{347FD740-45BE-463C-88AC-1862D931B013}.Release|x86.ActiveCfg = Release|Win32
		{347FD740-45BE-463C-88AC-1862D931B013}.Release|x86.Build.0 = Release|Win32
		{A778BAC3-3091-47C6-8537-8A17BA21F66F}.Debug|Any CPU.ActiveCfg = Debug|Win32
		{A778BAC3-3091-47C6-8537-8A17BA21F66F}.Debug|x64.ActiveCfg = Debug|x64
		{A778BAC3-3091-47C6-8537-8A17BA21F66F}.Debug|x64.Build.0 = Debug|x64
		{A778BAC3-3091-47C6-8537-8A17BA21F66F}.Debug|x86.ActiveCfg = Debug|Win32
		{A778BAC3-3091-47C6-8537-8A17BA21F66F}.Debug|x86.Build.0 = Debug|Win32
		{A778BAC3-3091-47C6-8537-8A17BA21F66F}.Release|Any CPU.ActiveCfg = Release|Win32
		{A778BAC3-3091-47C6-8537-8A17BA21F66F}.Release|x64.ActiveCfg = Release|x64
		{A778BAC3-3091-47C6-8537-8A17BA21F66F}.Release|x64.Build.0 = Release|x64
		{A778BAC3-3091-47C6-8537-8A17BA21F66F}.Release|x86.ActiveCfg = Release|Win32
		{A778BAC3-3091-47C6-8537-8A17BA21F66F}.Release|x86.Build.0 = Release|Win32
		{6BE36152-324D-4674-9AF1-6851FF805EFD}.Debug|Any CPU.ActiveCfg = Debug|Win32
		{6BE36152-324D-4674-9AF1-6851FF805EFD}.Debug|x64.ActiveCfg = Debug|x64
		{6BE36152-324D-4674-9AF1-6851FF805EFD}.Debug|x64.Build.0 = Debug|x64
		{6BE36152-324D-4674-9AF1-6851FF805EFD}.Debug|x86.ActiveCfg = Debug|Win32
		{6BE36152-324D-4674-9AF1-6851FF805EFD}.Debug|x86.Build.0 = Debug|Win32
		{6BE36152-324D-4674-9AF1-6851FF805EFD}.Release|Any CPU.ActiveCfg = Release|Win32
		{6BE36152-324D-4674-9AF1-6851FF805EFD}.Release|x64.ActiveCfg = Release|x64
		{6BE36152-324D-4674-9AF1-6851FF805EFD}.Release|x64.Build.0 = Release|x64
		{6BE36152-324D-4674-9AF1-6851FF805EFD}.Release|x86.ActiveCfg = Release|Win32
		{6BE36152-324D-4674-9AF1-6851FF805EFD}.Release|x86.Build.0 = Release|Win32
		{DFBF881D-EBE2-4EE3-910F-08DF8FA18D66}.Debug|Any CPU.ActiveCfg = Debug|Win32
		{DFBF881D-EBE2-4EE3-910F-08DF8FA18D66}.Debug|x64.ActiveCfg = Debug|x64
		{DFBF881D-EBE2-4EE3-910F-08DF8FA18D66}.Debug|x64.Build.0 = Debug|x64
		{DFBF881D-EBE2-4EE3-910F-08DF8FA18D66}.Debug|x86.ActiveCfg = Debug|Win32
		{DFBF881D-EBE2-4EE3-910F-08DF8FA18D66}.Debug|x86.Build.0 = Debug|Win32
		{DFBF881D-EBE2-4EE3-910F-08DF8FA18D66}.Release|Any CPU.ActiveCfg = Release|Win32
		{DFBF881D-EBE2-4EE3-910F-08DF8FA18D66}.Release|x64.ActiveCfg = Release|x64
		{DFBF881D-EBE2-4EE3-910F-08DF8FA18D66}.Release|x64.Build.0 = Release|x64
		{DFBF881D-EBE2-4EE3-910F-08DF8FA18D66}.Release|x86.ActiveCfg = Release|Win32
		{DFBF881D-EBE2-4EE3-910F-08DF8FA18D66}.Release|x86.Build.0 = Release|Win32
		{4006DC09-338C-4E2F-80EA-CA358A78BA63}.Debug|Any CPU.ActiveCfg = Debug|Win32
		{4006DC09-338C-4E2F-80EA-CA358A78BA63}.Debug|x64.ActiveCfg = Debug|x64
		{4006DC09-338C-4E2F-80EA-CA358A78BA63}.Debug|x64.Build.0 = Debug|x64
		{4006DC09-338C-4E2F-80EA-CA358A78BA63}.Debug|x86.ActiveCfg = Debug|Win32
		{4006DC09-338C-4E2F-80EA-CA358A78BA63}.Debug|x86.Build.0 = Debug|Win32
		{4006DC09-338C-4E2F-80EA-CA358A78BA63}.Release|Any CPU.ActiveCfg = Release|Win32
		{4006DC09-338C-4E2F-80EA-CA358A78BA63}.Release|x64.ActiveCfg = Release|x64
		{4006DC09-338C-4E2F-80EA-CA358A78BA63}.Release|x64.Build.0 = Release|x64
		{4006DC09-338C-4E2F-80EA-CA358A78BA63}.Release|x86.ActiveCfg = Release|Win32
		{4006DC09-338C-4E2F-80EA-CA358A78BA63}.Release|x86.Build.0 = Release|Win32
		{51B20102-66AC-4A54-AC7C-EF83A2741A72}.Debug|Any CPU.ActiveCfg = Debug|Win32
		{51B20102-66AC-4A54-AC7C-EF83A2741A72}.Debug|x64.ActiveCfg = Debug|x64
		{51B20102-66AC-4A54-AC7C-EF83A2741A72}.Debug|x64.Build.0 = Debug|x64
		{51B20102-66AC-4A54-AC7C-EF83A2741A72}.Debug|x86.ActiveCfg = Debug|Win32
		{51B20102-66AC-4A54-AC7C-EF83A2741A72}.Debug|x86.Build.0 = Debug|Win32
		{51B20102-66AC-4A54-AC7C-EF83A2741A72}.Release|Any CPU.ActiveCfg = Release|Win32
		{51B20102-66AC-4A54-AC7C-EF83A2741A72}.Release|x64.ActiveCfg = Release|x64
		{51B20102-66AC-4A54-AC7C-EF83A2741A72}.Release|x64.Build.0 = Release|x64
		{51B20102-66AC-4A54-AC7C-EF83A2741A72}.Release|x86.ActiveCfg = Release|Win32
		{51B20102-66AC-4A54-AC7C-EF83A2741A72}.Release|x86.Build.0 = Release|Win32
		{2998B543-D21F-48FB-B0CE-47C11439A752}.Debug|Any CPU.ActiveCfg = Debug|Win32
		{2998B543-D21F-48FB-B0CE-47C11439A752}.Debug|x64.ActiveCfg = Debug|x64
		{2998B543-D21F-48FB-B0CE-47C11439A752}.Debug|x64.Build.0 = Debug|x64
		{2998B543-D21F-48FB-B0CE-47C11439A752}.Debug|x86.ActiveCfg = Debug|Win32
		{2998B543-D21F-48FB-B0CE-47C11439A752}.Debug|x86.Build.0 = Debug|Win32
		{2998B543-D21F-48FB-B0CE-47C11439A752}.Release|Any CPU.ActiveCfg = Release|Win32
		{2998B543-D21F-48FB-B0CE-47C11439A752}.Release|x64.ActiveCfg = Release|x64
		{2998B543-D21F-48FB-B0CE-47C11439A752}.Release|x64.Build.0 = Release|x64
		{2998B543-D21F-48FB-B0CE-47C11439A752}.Release|x86.ActiveCfg = Release|Win32
		{2998B543-D21F-48FB-B0CE-47C11439A752}.Release|x86.Build.0 = Release|Win32
	EndGlobalSection
	GlobalSection(SolutionProperties) = preSolution
		HideSolutionNode = FALSE
	EndGlobalSection
	GlobalSection(ExtensibilityGlobals) = postSolution
		SolutionGuid = {729BC6A6-9FC4-431A-96F2-ECEB56F1A147}
	EndGlobalSection
EndGlobal
